
Microsoft Visual Studio Solution File, Format Version 12.00
# Visual Studio Version 17
VisualStudioVersion = 17.7.34031.279
MinimumVisualStudioVersion = 10.0.40219.1
Project("{FAE04EC0-301F-11D3-BF4B-00C04F79EFBC}") = "StudySpark.Core", "StudySpark.Core\StudySpark.Core.csproj", "{092F9A42-BA74-488F-A2A3-F7680EFF80CC}"
EndProject
Project("{FAE04EC0-301F-11D3-BF4B-00C04F79EFBC}") = "StudySpark.GUI.WPF", "StudySpark.GUI.WPF\StudySpark.GUI.WPF.csproj", "{F8AD5CBB-C0C3-47C7-AA00-D4F553B66DC5}"
EndProject
Global
	GlobalSection(SolutionConfigurationPlatforms) = preSolution
		Debug|Any CPU = Debug|Any CPU
		Release|Any CPU = Release|Any CPU
	EndGlobalSection
	GlobalSection(ProjectConfigurationPlatforms) = postSolution
		{092F9A42-BA74-488F-A2A3-F7680EFF80CC}.Debug|Any CPU.ActiveCfg = Debug|Any CPU
		{092F9A42-BA74-488F-A2A3-F7680EFF80CC}.Debug|Any CPU.Build.0 = Debug|Any CPU
		{092F9A42-BA74-488F-A2A3-F7680EFF80CC}.Release|Any CPU.ActiveCfg = Release|Any CPU
		{092F9A42-BA74-488F-A2A3-F7680EFF80CC}.Release|Any CPU.Build.0 = Release|Any CPU
		{F8AD5CBB-C0C3-47C7-AA00-D4F553B66DC5}.Debug|Any CPU.ActiveCfg = Debug|Any CPU
		{F8AD5CBB-C0C3-47C7-AA00-D4F553B66DC5}.Debug|Any CPU.Build.0 = Debug|Any CPU
		{F8AD5CBB-C0C3-47C7-AA00-D4F553B66DC5}.Release|Any CPU.ActiveCfg = Release|Any CPU
		{F8AD5CBB-C0C3-47C7-AA00-D4F553B66DC5}.Release|Any CPU.Build.0 = Release|Any CPU
	EndGlobalSection
	GlobalSection(SolutionProperties) = preSolution
		HideSolutionNode = FALSE
	EndGlobalSection
	GlobalSection(ExtensibilityGlobals) = postSolution
		SolutionGuid = {A4DE8C6E-7FA9-450E-B6AB-56E82EDD5C24}
	EndGlobalSection
EndGlobal
